# Run ./gradlew --write-locks to regenerate this file
com.auth0:java-jwt:4.4.0 (1 constraints: 0a050b36)
com.fasterxml.jackson:jackson-bom:2.16.0 (11 constraints: 01f06cc3)
com.fasterxml.jackson.core:jackson-annotations:2.16.0 (7 constraints: 987b1864)
com.fasterxml.jackson.core:jackson-core:2.16.0 (13 constraints: d41d693d)
com.fasterxml.jackson.core:jackson-databind:2.16.0 (17 constraints: 73537dbc)
com.fasterxml.jackson.dataformat:jackson-dataformat-cbor:2.16.0 (2 constraints: 392ba987)
com.fasterxml.jackson.dataformat:jackson-dataformat-smile:2.16.0 (2 constraints: 392ba987)
com.fasterxml.jackson.dataformat:jackson-dataformat-yaml:2.16.0 (2 constraints: f313ba82)
com.fasterxml.jackson.datatype:jackson-datatype-guava:2.16.0 (3 constraints: 7330813b)
com.fasterxml.jackson.datatype:jackson-datatype-jdk8:2.16.0 (3 constraints: 7330813b)
com.fasterxml.jackson.datatype:jackson-datatype-joda:2.16.0 (2 constraints: 392ba987)
com.fasterxml.jackson.datatype:jackson-datatype-jsr310:2.16.0 (3 constraints: 7330813b)
com.fasterxml.jackson.module:jackson-module-afterburner:2.16.0 (2 constraints: 552ba489)
com.github.ben-manes.caffeine:caffeine:3.1.8 (1 constraints: 0e050536)
com.google.auto:auto-common:1.2.1 (1 constraints: 9d0f6d86)
com.google.auto.service:auto-service:1.1.1 (1 constraints: 0505f435)
com.google.auto.service:auto-service-annotations:1.1.1 (1 constraints: 9c0f6a86)
com.google.code.findbugs:jsr305:3.0.2 (7 constraints: e07d3d0c)
com.google.errorprone:error_prone_annotations:2.23.0 (12 constraints: 6bce3a96)
com.google.googlejavaformat:google-java-format:1.19.1 (1 constraints: 3e05453b)
com.google.guava:failureaccess:1.0.2 (1 constraints: 150ae2b4)
com.google.guava:guava:33.0.0-jre (11 constraints: fbcff15e)
com.google.guava:listenablefuture:9999.0-empty-to-avoid-conflict-with-guava (1 constraints: bd17c918)
com.jakewharton.nopen:nopen-annotations:1.0.1 (3 constraints: 7d256836)
com.markelliot.barista.tracing:barista-tracing:0.52.0 (1 constraints: 3905393b)
com.markelliot.result:result:0.52.0 (1 constraints: 3905393b)
com.palantir.conjure.java:conjure-java-undertow-runtime:8.2.0 (1 constraints: 0c051936)
com.palantir.conjure.java:conjure-lib:8.2.0 (2 constraints: c92a756a)
com.palantir.conjure.java:conjure-undertow-lib:8.2.0 (1 constraints: 33171020)
com.palantir.conjure.java.api:errors:2.41.0 (2 constraints: 7e27b12b)
com.palantir.conjure.java.runtime:conjure-java-jackson-optimizations:8.0.0 (1 constraints: 4e1c3088)
com.palantir.conjure.java.runtime:conjure-java-jackson-serialization:8.0.0 (1 constraints: 31170a20)
com.palantir.ri:resource-identifier:2.6.0 (3 constraints: b43ad09a)
com.palantir.safe-logging:logger:3.6.0 (5 constraints: 385ed001)
com.palantir.safe-logging:logger-slf4j:3.6.0 (1 constraints: 040e6542)
com.palantir.safe-logging:logger-spi:3.6.0 (2 constraints: 171e6d7b)
com.palantir.safe-logging:preconditions:3.6.0 (9 constraints: eaa1e70e)
com.palantir.safe-logging:safe-logging:3.6.0 (11 constraints: b5c1cd10)
com.palantir.tokens:auth-tokens:3.18.0 (3 constraints: 503be434)
com.palantir.tracing:tracing:6.18.0 (2 constraints: e3276432)
com.palantir.tracing:tracing-api:6.18.0 (3 constraints: b934811d)
com.palantir.tracing:tracing-undertow:6.18.0 (1 constraints: 68177d37)
com.palantir.tritium:tritium-registry:0.81.0 (1 constraints: 7f1ca3a4)
com.squareup:javapoet:1.13.0 (1 constraints: 3705323b)
io.dropwizard.metrics:metrics-core:4.2.22 (2 constraints: 432d9f96)
io.undertow:undertow-core:2.3.10.Final (4 constraints: 3949166c)
joda-time:joda-time:2.10.14 (1 constraints: 5b160f08)
org.apache.logging.log4j:log4j-api:2.22.0 (3 constraints: 162ed93a)
org.apache.logging.log4j:log4j-core:2.22.0 (2 constraints: 3b16c739)
org.apache.logging.log4j:log4j-jul:2.22.0 (1 constraints: 3805393b)
org.apache.logging.log4j:log4j-slf4j2-impl:2.22.0 (1 constraints: 3805393b)
org.checkerframework:checker-qual:3.41.0 (3 constraints: e1316f66)
org.jboss.logging:jboss-logging:3.4.3.Final (3 constraints: f2300ed8)
org.jboss.threads:jboss-threads:3.5.0.Final (2 constraints: 5a1a5743)
org.jboss.xnio:xnio-api:3.8.8.Final (3 constraints: cb33d9af)
org.jboss.xnio:xnio-nio:3.8.8.Final (1 constraints: c90dd230)
org.jetbrains:annotations:24.0.1 (2 constraints: fc20bc6d)
org.slf4j:slf4j-api:2.0.9 (8 constraints: 9578141b)
org.wildfly.client:wildfly-client-config:1.0.1.Final (1 constraints: 940c6308)
org.wildfly.common:wildfly-common:1.7.0.Final (3 constraints: 203237d9)
org.yaml:snakeyaml:2.2 (1 constraints: 3c178b10)

[Test dependencies]
net.bytebuddy:byte-buddy:1.12.21 (1 constraints: 7d0bbfea)
org.assertj:assertj-core:3.24.2 (1 constraints: 3d05473b)
org.junit:junit-bom:5.10.1 (5 constraints: 63496ab2)
org.junit.jupiter:junit-jupiter-api:5.10.1 (2 constraints: 141a501f)
org.junit.jupiter:junit-jupiter-engine:5.10.1 (2 constraints: 760e5f71)
org.junit.platform:junit-platform-commons:1.10.1 (3 constraints: 662a4e8e)
org.junit.platform:junit-platform-engine:1.10.1 (2 constraints: 0c1a601e)
org.opentest4j:opentest4j:1.3.0 (2 constraints: cf209249)
