# Run ./gradlew --write-locks to regenerate this file
com.auth0:java-jwt:3.19.1 (1 constraints: 4005513b)
com.fasterxml.jackson:jackson-bom:2.13.2 (9 constraints: 4cc2cf60)
com.fasterxml.jackson.core:jackson-annotations:2.13.2 (6 constraints: 726bdeff)
com.fasterxml.jackson.core:jackson-core:2.13.2 (10 constraints: b6d951b0)
com.fasterxml.jackson.core:jackson-databind:2.13.2.2 (16 constraints: b63c367e)
com.fasterxml.jackson.dataformat:jackson-dataformat-cbor:2.13.2 (2 constraints: 342b4c87)
com.fasterxml.jackson.dataformat:jackson-dataformat-smile:2.13.2 (2 constraints: 342b4c87)
com.fasterxml.jackson.dataformat:jackson-dataformat-yaml:2.13.2 (2 constraints: f1138182)
com.fasterxml.jackson.datatype:jackson-datatype-guava:2.13.2 (3 constraints: 6d30a43a)
com.fasterxml.jackson.datatype:jackson-datatype-jdk8:2.13.2 (3 constraints: 6d30a43a)
com.fasterxml.jackson.datatype:jackson-datatype-joda:2.13.2 (2 constraints: 342b4c87)
com.fasterxml.jackson.datatype:jackson-datatype-jsr310:2.13.2 (3 constraints: 6d30a43a)
com.fasterxml.jackson.module:jackson-module-afterburner:2.13.2 (2 constraints: 502b4789)
com.github.ben-manes.caffeine:caffeine:3.0.6 (1 constraints: 0b050036)
com.google.auto:auto-common:1.2 (1 constraints: 3e0f6467)
com.google.auto.service:auto-service:1.0.1 (1 constraints: 0405f135)
com.google.auto.service:auto-service-annotations:1.0.1 (1 constraints: 9b0f6786)
com.google.code.findbugs:jsr305:3.0.2 (3 constraints: 4a2627c1)
com.google.errorprone:error_prone_annotations:2.11.0 (8 constraints: 4376cb1b)
com.google.googlejavaformat:google-java-format:1.15.0 (1 constraints: 3905383b)
com.google.guava:failureaccess:1.0.1 (1 constraints: 140ae1b4)
com.google.guava:guava:31.1-jre (9 constraints: 529db27f)
com.google.guava:listenablefuture:9999.0-empty-to-avoid-conflict-with-guava (1 constraints: bd17c918)
com.google.j2objc:j2objc-annotations:1.3 (1 constraints: b809eda0)
com.jakewharton.nopen:nopen-annotations:1.0.1 (3 constraints: 7d256836)
com.markelliot.barista.tracing:barista-tracing:0.3.0 (1 constraints: 0505f435)
com.markelliot.result:result:0.2.3 (1 constraints: 0705f435)
com.palantir.conjure.java:conjure-java-undertow-runtime:6.42.0 (1 constraints: 3e05593b)
com.palantir.conjure.java:conjure-lib:6.42.0 (1 constraints: c9132762)
com.palantir.conjure.java:conjure-undertow-lib:6.42.0 (1 constraints: 65177737)
com.palantir.conjure.java.api:errors:2.24.0 (1 constraints: 20109aa9)
com.palantir.conjure.java.runtime:conjure-java-jackson-optimizations:7.33.0 (1 constraints: 831cbfa4)
com.palantir.conjure.java.runtime:conjure-java-jackson-serialization:7.33.0 (1 constraints: 66177c37)
com.palantir.ri:resource-identifier:2.3.0 (1 constraints: ed0f7399)
com.palantir.safe-logging:logger:1.26.0 (4 constraints: a542bbc5)
com.palantir.safe-logging:logger-slf4j:1.26.0 (1 constraints: 340e9150)
com.palantir.safe-logging:logger-spi:1.26.0 (2 constraints: 771ed8b0)
com.palantir.safe-logging:preconditions:1.26.0 (6 constraints: a767e549)
com.palantir.safe-logging:safe-logging:1.26.0 (5 constraints: a64b606e)
com.palantir.tokens:auth-tokens:3.14.0 (1 constraints: 20109ca9)
com.palantir.tracing:tracing:6.11.0 (1 constraints: 75109eae)
com.palantir.tracing:tracing-api:6.11.0 (2 constraints: 441de61e)
com.palantir.tracing:tracing-undertow:6.11.0 (1 constraints: 61176837)
com.squareup:javapoet:1.13.0 (1 constraints: 3705323b)
io.undertow:undertow-core:2.2.17.Final (3 constraints: c42f8b2b)
jakarta.annotation:jakarta.annotation-api:1.3.5 (1 constraints: f10f7399)
jakarta.ws.rs:jakarta.ws.rs-api:2.1.6 (1 constraints: f10f7399)
joda-time:joda-time:2.10.8 (1 constraints: 2e16acf1)
org.apache.logging.log4j:log4j-api:2.17.2 (3 constraints: f62d1411)
org.apache.logging.log4j:log4j-core:2.17.2 (2 constraints: 15169625)
org.apache.logging.log4j:log4j-jul:2.17.2 (1 constraints: 3e05463b)
org.apache.logging.log4j:log4j-slf4j-impl:2.17.2 (1 constraints: 3e05463b)
org.checkerframework:checker-qual:3.21.3 (2 constraints: 761abf74)
org.jboss.logging:jboss-logging:3.4.1.Final (3 constraints: f03036d7)
org.jboss.threads:jboss-threads:3.1.0.Final (2 constraints: 561a9b42)
org.jboss.xnio:xnio-api:3.8.6.Final (2 constraints: 751afd45)
org.jboss.xnio:xnio-nio:3.8.6.Final (1 constraints: c70dc430)
org.slf4j:slf4j-api:1.7.36 (6 constraints: af58ef5f)
org.wildfly.client:wildfly-client-config:1.0.1.Final (1 constraints: 940c6308)
org.wildfly.common:wildfly-common:1.5.4.Final (2 constraints: 741cfbf1)
org.yaml:snakeyaml:1.30 (1 constraints: 6c17f527)

[Test dependencies]
org.assertj:assertj-core:3.22.0 (1 constraints: 39053f3b)
org.junit:junit-bom:5.8.2 (5 constraints: 9b4843a6)
org.junit.jupiter:junit-jupiter-api:5.8.2 (2 constraints: c419c1f4)
org.junit.jupiter:junit-jupiter-engine:5.8.2 (2 constraints: 260e7a59)
org.junit.platform:junit-platform-commons:1.8.2 (3 constraints: ee29ed2b)
org.junit.platform:junit-platform-engine:1.8.2 (2 constraints: bc19ddf3)
org.opentest4j:opentest4j:1.2.0 (2 constraints: cd205b49)
