# Run ./gradlew writeVersionsLocks to regenerate this file. Blank lines are to minimize merge conflicts.

com.auth0:java-jwt:4.5.0 (1 constraints: 0b050e36)

com.fasterxml.jackson:jackson-bom:2.20.0 (9 constraints: 54c428d7)

com.fasterxml.jackson.core:jackson-annotations:2.20 (10 constraints: 5aab0128)

com.fasterxml.jackson.core:jackson-core:2.20.0 (13 constraints: 9b0e2ee1)

com.fasterxml.jackson.core:jackson-databind:2.20.0 (16 constraints: be3b5f5d)

com.fasterxml.jackson.dataformat:jackson-dataformat-cbor:2.20.0 (2 constraints: 372b2086)

com.fasterxml.jackson.dataformat:jackson-dataformat-smile:2.20.0 (2 constraints: 372b2086)

com.fasterxml.jackson.dataformat:jackson-dataformat-yaml:2.20.0 (2 constraints: e913c781)

com.fasterxml.jackson.datatype:jackson-datatype-guava:2.20.0 (3 constraints: 6c308d37)

com.fasterxml.jackson.datatype:jackson-datatype-jdk8:2.20.0 (3 constraints: 6c308d37)

com.fasterxml.jackson.datatype:jackson-datatype-joda:2.20.0 (2 constraints: 372b2086)

com.fasterxml.jackson.datatype:jackson-datatype-jsr310:2.20.0 (3 constraints: 6c308d37)

com.github.ben-manes.caffeine:caffeine:3.2.3 (1 constraints: 0a050336)

com.google.auto:auto-common:1.2.1 (1 constraints: 9d0f6d86)

com.google.auto.service:auto-service:1.1.1 (1 constraints: 0505f435)

com.google.auto.service:auto-service-annotations:1.1.1 (1 constraints: 9c0f6a86)

com.google.code.findbugs:jsr305:3.0.2 (6 constraints: 617e958b)

com.google.errorprone:error_prone_annotations:2.43.0 (16 constraints: 8d0bc7e8)

com.google.googlejavaformat:google-java-format:1.28.0 (1 constraints: 3d05453b)

com.google.guava:failureaccess:1.0.3 (1 constraints: 160ae3b4)

com.google.guava:guava:33.5.0-jre (14 constraints: 14036178)

com.google.guava:listenablefuture:9999.0-empty-to-avoid-conflict-with-guava (1 constraints: bd17c918)

com.google.j2objc:j2objc-annotations:3.1 (1 constraints: b809f1a0)

com.jakewharton.nopen:nopen-annotations:1.0.1 (3 constraints: 7d256836)

com.markelliot.barista.tracing:barista-tracing:0.124.0 (1 constraints: 69059c40)

com.markelliot.result:result:0.130.0 (1 constraints: 66059440)

com.palantir.conjure.java:conjure-java-undertow-runtime:8.59.0 (1 constraints: 48057e3b)

com.palantir.conjure.java:conjure-lib:8.59.0 (3 constraints: c9476b8d)

com.palantir.conjure.java:conjure-undertow-lib:8.59.0 (1 constraints: 6f179c37)

com.palantir.conjure.java.api:errors:2.65.0 (2 constraints: 8a27f32c)

com.palantir.conjure.java.runtime:conjure-java-jackson-optimizations:8.25.0 (1 constraints: 851cc7a4)

com.palantir.conjure.java.runtime:conjure-java-jackson-serialization:8.25.0 (1 constraints: 68178437)

com.palantir.deadlines:deadlines:0.16.0 (1 constraints: 60175337)

com.palantir.javapoet:javapoet:0.7.0 (1 constraints: 09050036)

com.palantir.nylon:nylon-threads:0.4.0 (1 constraints: 0c10fa91)

com.palantir.ri:resource-identifier:2.11.0 (3 constraints: 383b9b2f)

com.palantir.safe-logging:logger:3.9.0 (10 constraints: eca79a1a)

com.palantir.safe-logging:logger-slf4j:3.9.0 (1 constraints: 070e6e42)

com.palantir.safe-logging:logger-spi:3.9.0 (2 constraints: 1d1e0c7c)

com.palantir.safe-logging:preconditions:3.9.0 (15 constraints: 10fb3e4e)

com.palantir.safe-logging:safe-logging:3.9.0 (15 constraints: 1efdc6e2)

com.palantir.tokens:auth-tokens:3.20.0 (3 constraints: 3b3b4f30)

com.palantir.tracing:tracing:6.28.0 (3 constraints: 3e36a3ff)

com.palantir.tracing:tracing-api:6.28.0 (3 constraints: bc34111e)

com.palantir.tracing:tracing-undertow:6.28.0 (1 constraints: 69178137)

com.palantir.tritium:tritium-api:0.109.0 (2 constraints: 951f7ff4)

com.palantir.tritium:tritium-core:0.109.0 (1 constraints: 7210b2b2)

com.palantir.tritium:tritium-ids:0.104.0 (1 constraints: f80f86a6)

com.palantir.tritium:tritium-metrics:0.109.0 (1 constraints: 840e9f61)

com.palantir.tritium:tritium-registry:0.109.0 (3 constraints: a43bfe95)

io.dropwizard.metrics:metrics-core:4.2.37 (4 constraints: ef4b7b8f)

io.prometheus:prometheus-metrics-config:1.4.2 (3 constraints: 5039a42d)

io.prometheus:prometheus-metrics-core:1.4.2 (1 constraints: 0905fe35)

io.prometheus:prometheus-metrics-exporter-common:1.4.2 (1 constraints: 0905fe35)

io.prometheus:prometheus-metrics-exposition-formats:1.4.2 (1 constraints: f714878f)

io.prometheus:prometheus-metrics-exposition-textformats:1.4.2 (2 constraints: 392be251)

io.prometheus:prometheus-metrics-model:1.4.2 (3 constraints: 6e3db57a)

io.prometheus:prometheus-metrics-tracer-common:1.4.2 (3 constraints: a83e5fd5)

io.prometheus:prometheus-metrics-tracer-initializer:1.4.2 (1 constraints: 71102da8)

io.prometheus:prometheus-metrics-tracer-otel:1.4.2 (1 constraints: 1a1609d4)

io.prometheus:prometheus-metrics-tracer-otel-agent:1.4.2 (1 constraints: 1a1609d4)

io.smallrye.common:smallrye-common-annotation:2.6.0 (1 constraints: c30d1c36)

io.smallrye.common:smallrye-common-constraint:2.6.0 (4 constraints: 8a413caf)

io.smallrye.common:smallrye-common-cpu:2.6.0 (2 constraints: 731c91d2)

io.smallrye.common:smallrye-common-expression:2.4.0 (1 constraints: b10e835a)

io.smallrye.common:smallrye-common-function:2.6.0 (2 constraints: 5c215988)

io.smallrye.common:smallrye-common-net:2.4.0 (1 constraints: b10e835a)

io.smallrye.common:smallrye-common-os:2.4.0 (1 constraints: b10e835a)

io.smallrye.common:smallrye-common-ref:2.4.0 (1 constraints: b10e835a)

io.undertow:undertow-core:2.3.20.Final (4 constraints: 44496870)

joda-time:joda-time:2.12.7 (1 constraints: 2f16b1f1)

org.apache.logging.log4j:log4j-api:2.25.2 (3 constraints: 252ede3d)

org.apache.logging.log4j:log4j-core:2.25.2 (2 constraints: 4516e13a)

org.apache.logging.log4j:log4j-jul:2.25.2 (1 constraints: 3d05443b)

org.apache.logging.log4j:log4j-slf4j2-impl:2.25.2 (1 constraints: 3d05443b)

org.checkerframework:checker-qual:3.49.1 (1 constraints: 6a177b37)

org.eclipse.collections:eclipse-collections:13.0.0 (1 constraints: 1c1091a9)

org.eclipse.collections:eclipse-collections-api:13.0.0 (2 constraints: fa22df26)

org.hdrhistogram:HdrHistogram:2.2.2 (1 constraints: 0e100092)

org.immutables:value:2.11.3 (1 constraints: ca0f9696)

org.jboss.logging:jboss-logging:3.6.1.Final (7 constraints: c4838fcc)

org.jboss.threads:jboss-threads:3.7.0.Final (3 constraints: bb2a49e6)

org.jboss.xnio:xnio-api:3.8.16.Final (3 constraints: 5934d037)

org.jboss.xnio:xnio-nio:3.8.16.Final (1 constraints: f80dc53d)

org.jetbrains:annotations:26.0.2 (2 constraints: 0221656e)

org.jspecify:jspecify:1.0.0 (7 constraints: fb665ac2)

org.mpierce.metrics.reservoir:hdrhistogram-metrics-reservoir:1.1.3 (1 constraints: 0d10f991)

org.slf4j:slf4j-api:2.0.17 (8 constraints: d77843c3)

org.wildfly.client:wildfly-client-config:1.0.1.Final (1 constraints: 940c6308)

org.wildfly.common:wildfly-common:2.0.1 (3 constraints: e72dda8c)

org.yaml:snakeyaml:2.4 (1 constraints: 3e178d10)



[Test dependencies]

net.bytebuddy:byte-buddy:1.17.7 (2 constraints: 741893b8)

org.assertj:assertj-core:3.27.6 (2 constraints: 6412871e)

org.junit:junit-bom:6.0.0 (7 constraints: 61740c74)

org.junit.jupiter:junit-jupiter:6.0.0 (2 constraints: 140e5458)

org.junit.jupiter:junit-jupiter-api:6.0.0 (4 constraints: 67385d2a)

org.junit.jupiter:junit-jupiter-engine:6.0.0 (2 constraints: 0f17403b)

org.junit.jupiter:junit-jupiter-params:6.0.0 (2 constraints: 0f17403b)

org.junit.platform:junit-platform-commons:6.0.0 (3 constraints: df292429)

org.junit.platform:junit-platform-engine:6.0.0 (3 constraints: f72bf313)

org.junit.platform:junit-platform-launcher:6.0.0 (1 constraints: 0d097895)

org.opentest4j:opentest4j:1.3.0 (2 constraints: cf209249)
